
Microsoft Visual Studio Solution File, Format Version 12.00
# Visual Studio Version 17
VisualStudioVersion = 17.0.31903.59
MinimumVisualStudioVersion = 10.0.40219.1
Project("{FAE04EC0-301F-11D3-BF4B-00C04F79EFBC}") = "TAuto.Core", "TAuto.Core\TAuto.Core.csproj", "{D883F5CD-9EF2-46BC-B7A0-F3C5C799504C}"
EndProject
Project("{FAE04EC0-301F-11D3-BF4B-00C04F79EFBC}") = "TAuto.Automation", "TAuto.Automation\TAuto.Automation.csproj", "{3FCF5DC7-ADAB-4051-8777-F7205913F150}"
EndProject
Global
	GlobalSection(SolutionConfigurationPlatforms) = preSolution
		Debug|Any CPU = Debug|Any CPU
		Debug|x64 = Debug|x64
		Debug|x86 = Debug|x86
		Release|Any CPU = Release|Any CPU
		Release|x64 = Release|x64
		Release|x86 = Release|x86
	EndGlobalSection
	GlobalSection(ProjectConfigurationPlatforms) = postSolution
		{D883F5CD-9EF2-46BC-B7A0-F3C5C799504C}.Debug|Any CPU.ActiveCfg = Debug|Any CPU
		{D883F5CD-9EF2-46BC-B7A0-F3C5C799504C}.Debug|Any CPU.Build.0 = Debug|Any CPU
		{D883F5CD-9EF2-46BC-B7A0-F3C5C799504C}.Debug|x64.ActiveCfg = Debug|Any CPU
		{D883F5CD-9EF2-46BC-B7A0-F3C5C799504C}.Debug|x64.Build.0 = Debug|Any CPU
		{D883F5CD-9EF2-46BC-B7A0-F3C5C799504C}.Debug|x86.ActiveCfg = Debug|Any CPU
		{D883F5CD-9EF2-46BC-B7A0-F3C5C799504C}.Debug|x86.Build.0 = Debug|Any CPU
		{D883F5CD-9EF2-46BC-B7A0-F3C5C799504C}.Release|Any CPU.ActiveCfg = Release|Any CPU
		{D883F5CD-9EF2-46BC-B7A0-F3C5C799504C}.Release|Any CPU.Build.0 = Release|Any CPU
		{D883F5CD-9EF2-46BC-B7A0-F3C5C799504C}.Release|x64.ActiveCfg = Release|Any CPU
		{D883F5CD-9EF2-46BC-B7A0-F3C5C799504C}.Release|x64.Build.0 = Release|Any CPU
		{D883F5CD-9EF2-46BC-B7A0-F3C5C799504C}.Release|x86.ActiveCfg = Release|Any CPU
		{D883F5CD-9EF2-46BC-B7A0-F3C5C799504C}.Release|x86.Build.0 = Release|Any CPU
		{3FCF5DC7-ADAB-4051-8777-F7205913F150}.Debug|Any CPU.ActiveCfg = Debug|Any CPU
		{3FCF5DC7-ADAB-4051-8777-F7205913F150}.Debug|Any CPU.Build.0 = Debug|Any CPU
		{3FCF5DC7-ADAB-4051-8777-F7205913F150}.Debug|x64.ActiveCfg = Debug|Any CPU
		{3FCF5DC7-ADAB-4051-8777-F7205913F150}.Debug|x64.Build.0 = Debug|Any CPU
		{3FCF5DC7-ADAB-4051-8777-F7205913F150}.Debug|x86.ActiveCfg = Debug|Any CPU
		{3FCF5DC7-ADAB-4051-8777-F7205913F150}.Debug|x86.Build.0 = Debug|Any CPU
		{3FCF5DC7-ADAB-4051-8777-F7205913F150}.Release|Any CPU.ActiveCfg = Release|Any CPU
		{3FCF5DC7-ADAB-4051-8777-F7205913F150}.Release|Any CPU.Build.0 = Release|Any CPU
		{3FCF5DC7-ADAB-4051-8777-F7205913F150}.Release|x64.ActiveCfg = Release|Any CPU
		{3FCF5DC7-ADAB-4051-8777-F7205913F150}.Release|x64.Build.0 = Release|Any CPU
		{3FCF5DC7-ADAB-4051-8777-F7205913F150}.Release|x86.ActiveCfg = Release|Any CPU
		{3FCF5DC7-ADAB-4051-8777-F7205913F150}.Release|x86.Build.0 = Release|Any CPU
	EndGlobalSection
	GlobalSection(SolutionProperties) = preSolution
		HideSolutionNode = FALSE
	EndGlobalSection
EndGlobal
